
Microsoft Visual Studio Solution File, Format Version 12.00
# Visual Studio Version 16
VisualStudioVersion = 16.0.29926.136
MinimumVisualStudioVersion = 10.0.40219.1
Project("{FAE04EC0-301F-11D3-BF4B-00C04F79EFBC}") = "AudioWorkshop.Recorder", "AudioWorkshop.Recorder\AudioWorkshop.Recorder.csproj", "{6A12413A-F1C9-424D-BB25-E7036FD5E1CA}"
EndProject
Project("{FAE04EC0-301F-11D3-BF4B-00C04F79EFBC}") = "AudioWorkshop.Helpers", "AudioWorkshop.Helpers\AudioWorkshop.Helpers.csproj", "{CFBB6BE0-22B7-4B75-AED4-C747C65ABDC4}"
EndProject
Project("{FAE04EC0-301F-11D3-BF4B-00C04F79EFBC}") = "AudioWorkshop.Helper.Tests", "AudioWorkshop.Helper.Tests\AudioWorkshop.Helper.Tests.csproj", "{1FB3523B-338D-4661-95B4-832FBAC917A9}"
EndProject
Project("{FAE04EC0-301F-11D3-BF4B-00C04F79EFBC}") = "AudiioWorkshop.ToMp3", "AudiioWorkshop.ToMp3\AudiioWorkshop.ToMp3.csproj", "{369F766B-6A67-459C-8683-0D4BF596CF5B}"
EndProject
Global
	GlobalSection(SolutionConfigurationPlatforms) = preSolution
		Debug|Any CPU = Debug|Any CPU
		Release|Any CPU = Release|Any CPU
	EndGlobalSection
	GlobalSection(ProjectConfigurationPlatforms) = postSolution
		{6A12413A-F1C9-424D-BB25-E7036FD5E1CA}.Debug|Any CPU.ActiveCfg = Debug|Any CPU
		{6A12413A-F1C9-424D-BB25-E7036FD5E1CA}.Debug|Any CPU.Build.0 = Debug|Any CPU
		{6A12413A-F1C9-424D-BB25-E7036FD5E1CA}.Release|Any CPU.ActiveCfg = Release|Any CPU
		{6A12413A-F1C9-424D-BB25-E7036FD5E1CA}.Release|Any CPU.Build.0 = Release|Any CPU
		{CFBB6BE0-22B7-4B75-AED4-C747C65ABDC4}.Debug|Any CPU.ActiveCfg = Debug|Any CPU
		{CFBB6BE0-22B7-4B75-AED4-C747C65ABDC4}.Debug|Any CPU.Build.0 = Debug|Any CPU
		{CFBB6BE0-22B7-4B75-AED4-C747C65ABDC4}.Release|Any CPU.ActiveCfg = Release|Any CPU
		{CFBB6BE0-22B7-4B75-AED4-C747C65ABDC4}.Release|Any CPU.Build.0 = Release|Any CPU
		{1FB3523B-338D-4661-95B4-832FBAC917A9}.Debug|Any CPU.ActiveCfg = Debug|Any CPU
		{1FB3523B-338D-4661-95B4-832FBAC917A9}.Debug|Any CPU.Build.0 = Debug|Any CPU
		{1FB3523B-338D-4661-95B4-832FBAC917A9}.Release|Any CPU.ActiveCfg = Release|Any CPU
		{1FB3523B-338D-4661-95B4-832FBAC917A9}.Release|Any CPU.Build.0 = Release|Any CPU
		{369F766B-6A67-459C-8683-0D4BF596CF5B}.Debug|Any CPU.ActiveCfg = Debug|Any CPU
		{369F766B-6A67-459C-8683-0D4BF596CF5B}.Debug|Any CPU.Build.0 = Debug|Any CPU
		{369F766B-6A67-459C-8683-0D4BF596CF5B}.Release|Any CPU.ActiveCfg = Release|Any CPU
		{369F766B-6A67-459C-8683-0D4BF596CF5B}.Release|Any CPU.Build.0 = Release|Any CPU
	EndGlobalSection
	GlobalSection(SolutionProperties) = preSolution
		HideSolutionNode = FALSE
	EndGlobalSection
	GlobalSection(ExtensibilityGlobals) = postSolution
		SolutionGuid = {1CACBCE6-E85D-41F1-ADBB-2DD45AEB72AE}
	EndGlobalSection
EndGlobal
